
Microsoft Visual Studio Solution File, Format Version 12.00
# Visual Studio 14
VisualStudioVersion = 14.0.25123.0
MinimumVisualStudioVersion = 10.0.40219.1
Project("{8BC9CEB8-8B4A-11D0-8D11-00A0C91BC942}") = "无向图的连通分支", "实训四\实训四.vcxproj", "{D1D73AA6-685F-4AC3-BE5F-1D141BE9D851}"
EndProject
Project("{8BC9CEB8-8B4A-11D0-8D11-00A0C91BC942}") = "算法题5 Dijkstra算法（最短距离）", "算法题5 Dijkstra算法（最短距离）\算法题5 Dijkstra算法（最短距离）.vcxproj", "{06946401-2DD2-4815-B6EC-F62B24C1E5EB}"
EndProject
Project("{8BC9CEB8-8B4A-11D0-8D11-00A0C91BC942}") = "村村通", "村村通\村村通.vcxproj", "{8F9DBFC7-7918-4F80-9B23-D9ABC50F7C40}"
EndProject
Project("{8BC9CEB8-8B4A-11D0-8D11-00A0C91BC942}") = "VIJOS-P1076", "VIJOS-P1076\VIJOS-P1076.vcxproj", "{E4F69022-E09D-4240-A607-4B537C23B616}"
EndProject
Project("{8BC9CEB8-8B4A-11D0-8D11-00A0C91BC942}") = "抢掠计划", "抢掠计划\抢掠计划.vcxproj", "{A770F83D-3C8B-4CA6-AE59-0A1EFFF6A1DD}"
EndProject
Project("{8BC9CEB8-8B4A-11D0-8D11-00A0C91BC942}") = "VIJOS-P1014", "VIJOS-P1014\VIJOS-P1014.vcxproj", "{EDA59FCF-9352-46C0-8A5B-89805EE42D60}"
EndProject
Project("{8BC9CEB8-8B4A-11D0-8D11-00A0C91BC942}") = "VIJOS-P1034", "VIJOS-P1034\VIJOS-P1034.vcxproj", "{F6D5C2A1-3494-4DE5-805E-C24BA2C7666F}"
EndProject
Global
	GlobalSection(SolutionConfigurationPlatforms) = preSolution
		Debug|x64 = Debug|x64
		Debug|x86 = Debug|x86
		Release|x64 = Release|x64
		Release|x86 = Release|x86
	EndGlobalSection
	GlobalSection(ProjectConfigurationPlatforms) = postSolution
		{D1D73AA6-685F-4AC3-BE5F-1D141BE9D851}.Debug|x64.ActiveCfg = Debug|x64
		{D1D73AA6-685F-4AC3-BE5F-1D141BE9D851}.Debug|x64.Build.0 = Debug|x64
		{D1D73AA6-685F-4AC3-BE5F-1D141BE9D851}.Debug|x86.ActiveCfg = Debug|Win32
		{D1D73AA6-685F-4AC3-BE5F-1D141BE9D851}.Debug|x86.Build.0 = Debug|Win32
		{D1D73AA6-685F-4AC3-BE5F-1D141BE9D851}.Release|x64.ActiveCfg = Release|x64
		{D1D73AA6-685F-4AC3-BE5F-1D141BE9D851}.Release|x64.Build.0 = Release|x64
		{D1D73AA6-685F-4AC3-BE5F-1D141BE9D851}.Release|x86.ActiveCfg = Release|Win32
		{D1D73AA6-685F-4AC3-BE5F-1D141BE9D851}.Release|x86.Build.0 = Release|Win32
		{06946401-2DD2-4815-B6EC-F62B24C1E5EB}.Debug|x64.ActiveCfg = Debug|x64
		{06946401-2DD2-4815-B6EC-F62B24C1E5EB}.Debug|x64.Build.0 = Debug|x64
		{06946401-2DD2-4815-B6EC-F62B24C1E5EB}.Debug|x86.ActiveCfg = Debug|Win32
		{06946401-2DD2-4815-B6EC-F62B24C1E5EB}.Debug|x86.Build.0 = Debug|Win32
		{06946401-2DD2-4815-B6EC-F62B24C1E5EB}.Release|x64.ActiveCfg = Release|x64
		{06946401-2DD2-4815-B6EC-F62B24C1E5EB}.Release|x64.Build.0 = Release|x64
		{06946401-2DD2-4815-B6EC-F62B24C1E5EB}.Release|x86.ActiveCfg = Release|Win32
		{06946401-2DD2-4815-B6EC-F62B24C1E5EB}.Release|x86.Build.0 = Release|Win32
		{8F9DBFC7-7918-4F80-9B23-D9ABC50F7C40}.Debug|x64.ActiveCfg = Debug|x64
		{8F9DBFC7-7918-4F80-9B23-D9ABC50F7C40}.Debug|x64.Build.0 = Debug|x64
		{8F9DBFC7-7918-4F80-9B23-D9ABC50F7C40}.Debug|x86.ActiveCfg = Debug|Win32
		{8F9DBFC7-7918-4F80-9B23-D9ABC50F7C40}.Debug|x86.Build.0 = Debug|Win32
		{8F9DBFC7-7918-4F80-9B23-D9ABC50F7C40}.Release|x64.ActiveCfg = Release|x64
		{8F9DBFC7-7918-4F80-9B23-D9ABC50F7C40}.Release|x64.Build.0 = Release|x64
		{8F9DBFC7-7918-4F80-9B23-D9ABC50F7C40}.Release|x86.ActiveCfg = Release|Win32
		{8F9DBFC7-7918-4F80-9B23-D9ABC50F7C40}.Release|x86.Build.0 = Release|Win32
		{E4F69022-E09D-4240-A607-4B537C23B616}.Debug|x64.ActiveCfg = Debug|x64
		{E4F69022-E09D-4240-A607-4B537C23B616}.Debug|x64.Build.0 = Debug|x64
		{E4F69022-E09D-4240-A607-4B537C23B616}.Debug|x86.ActiveCfg = Debug|Win32
		{E4F69022-E09D-4240-A607-4B537C23B616}.Debug|x86.Build.0 = Debug|Win32
		{E4F69022-E09D-4240-A607-4B537C23B616}.Release|x64.ActiveCfg = Release|x64
		{E4F69022-E09D-4240-A607-4B537C23B616}.Release|x64.Build.0 = Release|x64
		{E4F69022-E09D-4240-A607-4B537C23B616}.Release|x86.ActiveCfg = Release|Win32
		{E4F69022-E09D-4240-A607-4B537C23B616}.Release|x86.Build.0 = Release|Win32
		{A770F83D-3C8B-4CA6-AE59-0A1EFFF6A1DD}.Debug|x64.ActiveCfg = Debug|x64
		{A770F83D-3C8B-4CA6-AE59-0A1EFFF6A1DD}.Debug|x64.Build.0 = Debug|x64
		{A770F83D-3C8B-4CA6-AE59-0A1EFFF6A1DD}.Debug|x86.ActiveCfg = Debug|Win32
		{A770F83D-3C8B-4CA6-AE59-0A1EFFF6A1DD}.Debug|x86.Build.0 = Debug|Win32
		{A770F83D-3C8B-4CA6-AE59-0A1EFFF6A1DD}.Release|x64.ActiveCfg = Release|x64
		{A770F83D-3C8B-4CA6-AE59-0A1EFFF6A1DD}.Release|x64.Build.0 = Release|x64
		{A770F83D-3C8B-4CA6-AE59-0A1EFFF6A1DD}.Release|x86.ActiveCfg = Release|Win32
		{A770F83D-3C8B-4CA6-AE59-0A1EFFF6A1DD}.Release|x86.Build.0 = Release|Win32
		{EDA59FCF-9352-46C0-8A5B-89805EE42D60}.Debug|x64.ActiveCfg = Debug|x64
		{EDA59FCF-9352-46C0-8A5B-89805EE42D60}.Debug|x64.Build.0 = Debug|x64
		{EDA59FCF-9352-46C0-8A5B-89805EE42D60}.Debug|x86.ActiveCfg = Debug|Win32
		{EDA59FCF-9352-46C0-8A5B-89805EE42D60}.Debug|x86.Build.0 = Debug|Win32
		{EDA59FCF-9352-46C0-8A5B-89805EE42D60}.Release|x64.ActiveCfg = Release|x64
		{EDA59FCF-9352-46C0-8A5B-89805EE42D60}.Release|x64.Build.0 = Release|x64
		{EDA59FCF-9352-46C0-8A5B-89805EE42D60}.Release|x86.ActiveCfg = Release|Win32
		{EDA59FCF-9352-46C0-8A5B-89805EE42D60}.Release|x86.Build.0 = Release|Win32
		{F6D5C2A1-3494-4DE5-805E-C24BA2C7666F}.Debug|x64.ActiveCfg = Debug|x64
		{F6D5C2A1-3494-4DE5-805E-C24BA2C7666F}.Debug|x64.Build.0 = Debug|x64
		{F6D5C2A1-3494-4DE5-805E-C24BA2C7666F}.Debug|x86.ActiveCfg = Debug|Win32
		{F6D5C2A1-3494-4DE5-805E-C24BA2C7666F}.Debug|x86.Build.0 = Debug|Win32
		{F6D5C2A1-3494-4DE5-805E-C24BA2C7666F}.Release|x64.ActiveCfg = Release|x64
		{F6D5C2A1-3494-4DE5-805E-C24BA2C7666F}.Release|x64.Build.0 = Release|x64
		{F6D5C2A1-3494-4DE5-805E-C24BA2C7666F}.Release|x86.ActiveCfg = Release|Win32
		{F6D5C2A1-3494-4DE5-805E-C24BA2C7666F}.Release|x86.Build.0 = Release|Win32
	EndGlobalSection
	GlobalSection(SolutionProperties) = preSolution
		HideSolutionNode = FALSE
	EndGlobalSection
EndGlobal
